
Microsoft Visual Studio Solution File, Format Version 12.00
# Visual Studio Version 17
VisualStudioVersion = 17.0.31903.59
MinimumVisualStudioVersion = 10.0.40219.1
Project("{2150E333-8FDC-42A3-9474-1A3956D46DE8}") = "src", "src", "{827E0CD3-B72D-47B6-A68D-7590B98EB39B}"
EndProject
Project("{FAE04EC0-301F-11D3-BF4B-00C04F79EFBC}") = "OpsPilot.Api", "src\OpsPilot.Api\OpsPilot.Api.csproj", "{1697AB41-2334-4F6A-A4C1-A8AB1C199B0B}"
EndProject
Project("{FAE04EC0-301F-11D3-BF4B-00C04F79EFBC}") = "OpsPilot.Application", "src\OpsPilot.Application\OpsPilot.Application.csproj", "{959AD58B-618E-4DBE-8098-776C6352FE69}"
EndProject
Project("{FAE04EC0-301F-11D3-BF4B-00C04F79EFBC}") = "OpsPilot.Domain", "src\OpsPilot.Domain\OpsPilot.Domain.csproj", "{404EA7E3-7458-4812-A69B-300B35F337A2}"
EndProject
Project("{FAE04EC0-301F-11D3-BF4B-00C04F79EFBC}") = "OpsPilot.Infrastructure", "src\OpsPilot.Infrastructure\OpsPilot.Infrastructure.csproj", "{ACB8BFA0-BE95-49E5-914C-8B013C1EB9F3}"
EndProject
Project("{2150E333-8FDC-42A3-9474-1A3956D46DE8}") = "tests", "tests", "{0AB3BF05-4346-4AA6-1389-037BE0695223}"
EndProject
Project("{FAE04EC0-301F-11D3-BF4B-00C04F79EFBC}") = "OpsPilot.UnitTests", "tests\OpsPilot.UnitTests\OpsPilot.UnitTests.csproj", "{87ACEBB6-1982-4176-A707-4CB81FA30B95}"
EndProject
Project("{FAE04EC0-301F-11D3-BF4B-00C04F79EFBC}") = "OpsPilot.IntegrationTests", "tests\OpsPilot.IntegrationTests\OpsPilot.IntegrationTests.csproj", "{C3CF94A4-2824-498E-985E-6F85D94880A3}"
EndProject
Global
	GlobalSection(SolutionConfigurationPlatforms) = preSolution
		Debug|Any CPU = Debug|Any CPU
		Debug|x64 = Debug|x64
		Debug|x86 = Debug|x86
		Release|Any CPU = Release|Any CPU
		Release|x64 = Release|x64
		Release|x86 = Release|x86
	EndGlobalSection
	GlobalSection(ProjectConfigurationPlatforms) = postSolution
		{1697AB41-2334-4F6A-A4C1-A8AB1C199B0B}.Debug|Any CPU.ActiveCfg = Debug|Any CPU
		{1697AB41-2334-4F6A-A4C1-A8AB1C199B0B}.Debug|Any CPU.Build.0 = Debug|Any CPU
		{1697AB41-2334-4F6A-A4C1-A8AB1C199B0B}.Debug|x64.ActiveCfg = Debug|Any CPU
		{1697AB41-2334-4F6A-A4C1-A8AB1C199B0B}.Debug|x64.Build.0 = Debug|Any CPU
		{1697AB41-2334-4F6A-A4C1-A8AB1C199B0B}.Debug|x86.ActiveCfg = Debug|Any CPU
		{1697AB41-2334-4F6A-A4C1-A8AB1C199B0B}.Debug|x86.Build.0 = Debug|Any CPU
		{1697AB41-2334-4F6A-A4C1-A8AB1C199B0B}.Release|Any CPU.ActiveCfg = Release|Any CPU
		{1697AB41-2334-4F6A-A4C1-A8AB1C199B0B}.Release|Any CPU.Build.0 = Release|Any CPU
		{1697AB41-2334-4F6A-A4C1-A8AB1C199B0B}.Release|x64.ActiveCfg = Release|Any CPU
		{1697AB41-2334-4F6A-A4C1-A8AB1C199B0B}.Release|x64.Build.0 = Release|Any CPU
		{1697AB41-2334-4F6A-A4C1-A8AB1C199B0B}.Release|x86.ActiveCfg = Release|Any CPU
		{1697AB41-2334-4F6A-A4C1-A8AB1C199B0B}.Release|x86.Build.0 = Release|Any CPU
		{959AD58B-618E-4DBE-8098-776C6352FE69}.Debug|Any CPU.ActiveCfg = Debug|Any CPU
		{959AD58B-618E-4DBE-8098-776C6352FE69}.Debug|Any CPU.Build.0 = Debug|Any CPU
		{959AD58B-618E-4DBE-8098-776C6352FE69}.Debug|x64.ActiveCfg = Debug|Any CPU
		{959AD58B-618E-4DBE-8098-776C6352FE69}.Debug|x64.Build.0 = Debug|Any CPU
		{959AD58B-618E-4DBE-8098-776C6352FE69}.Debug|x86.ActiveCfg = Debug|Any CPU
		{959AD58B-618E-4DBE-8098-776C6352FE69}.Debug|x86.Build.0 = Debug|Any CPU
		{959AD58B-618E-4DBE-8098-776C6352FE69}.Release|Any CPU.ActiveCfg = Release|Any CPU
		{959AD58B-618E-4DBE-8098-776C6352FE69}.Release|Any CPU.Build.0 = Release|Any CPU
		{959AD58B-618E-4DBE-8098-776C6352FE69}.Release|x64.ActiveCfg = Release|Any CPU
		{959AD58B-618E-4DBE-8098-776C6352FE69}.Release|x64.Build.0 = Release|Any CPU
		{959AD58B-618E-4DBE-8098-776C6352FE69}.Release|x86.ActiveCfg = Release|Any CPU
		{959AD58B-618E-4DBE-8098-776C6352FE69}.Release|x86.Build.0 = Release|Any CPU
		{404EA7E3-7458-4812-A69B-300B35F337A2}.Debug|Any CPU.ActiveCfg = Debug|Any CPU
		{404EA7E3-7458-4812-A69B-300B35F337A2}.Debug|Any CPU.Build.0 = Debug|Any CPU
		{404EA7E3-7458-4812-A69B-300B35F337A2}.Debug|x64.ActiveCfg = Debug|Any CPU
		{404EA7E3-7458-4812-A69B-300B35F337A2}.Debug|x64.Build.0 = Debug|Any CPU
		{404EA7E3-7458-4812-A69B-300B35F337A2}.Debug|x86.ActiveCfg = Debug|Any CPU
		{404EA7E3-7458-4812-A69B-300B35F337A2}.Debug|x86.Build.0 = Debug|Any CPU
		{404EA7E3-7458-4812-A69B-300B35F337A2}.Release|Any CPU.ActiveCfg = Release|Any CPU
		{404EA7E3-7458-4812-A69B-300B35F337A2}.Release|Any CPU.Build.0 = Release|Any CPU
		{404EA7E3-7458-4812-A69B-300B35F337A2}.Release|x64.ActiveCfg = Release|Any CPU
		{404EA7E3-7458-4812-A69B-300B35F337A2}.Release|x64.Build.0 = Release|Any CPU
		{404EA7E3-7458-4812-A69B-300B35F337A2}.Release|x86.ActiveCfg = Release|Any CPU
		{404EA7E3-7458-4812-A69B-300B35F337A2}.Release|x86.Build.0 = Release|Any CPU
		{ACB8BFA0-BE95-49E5-914C-8B013C1EB9F3}.Debug|Any CPU.ActiveCfg = Debug|Any CPU
		{ACB8BFA0-BE95-49E5-914C-8B013C1EB9F3}.Debug|Any CPU.Build.0 = Debug|Any CPU
		{ACB8BFA0-BE95-49E5-914C-8B013C1EB9F3}.Debug|x64.ActiveCfg = Debug|Any CPU
		{ACB8BFA0-BE95-49E5-914C-8B013C1EB9F3}.Debug|x64.Build.0 = Debug|Any CPU
		{ACB8BFA0-BE95-49E5-914C-8B013C1EB9F3}.Debug|x86.ActiveCfg = Debug|Any CPU
		{ACB8BFA0-BE95-49E5-914C-8B013C1EB9F3}.Debug|x86.Build.0 = Debug|Any CPU
		{ACB8BFA0-BE95-49E5-914C-8B013C1EB9F3}.Release|Any CPU.ActiveCfg = Release|Any CPU
		{ACB8BFA0-BE95-49E5-914C-8B013C1EB9F3}.Release|Any CPU.Build.0 = Release|Any CPU
		{ACB8BFA0-BE95-49E5-914C-8B013C1EB9F3}.Release|x64.ActiveCfg = Release|Any CPU
		{ACB8BFA0-BE95-49E5-914C-8B013C1EB9F3}.Release|x64.Build.0 = Release|Any CPU
		{ACB8BFA0-BE95-49E5-914C-8B013C1EB9F3}.Release|x86.ActiveCfg = Release|Any CPU
		{ACB8BFA0-BE95-49E5-914C-8B013C1EB9F3}.Release|x86.Build.0 = Release|Any CPU
		{87ACEBB6-1982-4176-A707-4CB81FA30B95}.Debug|Any CPU.ActiveCfg = Debug|Any CPU
		{87ACEBB6-1982-4176-A707-4CB81FA30B95}.Debug|Any CPU.Build.0 = Debug|Any CPU
		{87ACEBB6-1982-4176-A707-4CB81FA30B95}.Debug|x64.ActiveCfg = Debug|Any CPU
		{87ACEBB6-1982-4176-A707-4CB81FA30B95}.Debug|x64.Build.0 = Debug|Any CPU
		{87ACEBB6-1982-4176-A707-4CB81FA30B95}.Debug|x86.ActiveCfg = Debug|Any CPU
		{87ACEBB6-1982-4176-A707-4CB81FA30B95}.Debug|x86.Build.0 = Debug|Any CPU
		{87ACEBB6-1982-4176-A707-4CB81FA30B95}.Release|Any CPU.ActiveCfg = Release|Any CPU
		{87ACEBB6-1982-4176-A707-4CB81FA30B95}.Release|Any CPU.Build.0 = Release|Any CPU
		{87ACEBB6-1982-4176-A707-4CB81FA30B95}.Release|x64.ActiveCfg = Release|Any CPU
		{87ACEBB6-1982-4176-A707-4CB81FA30B95}.Release|x64.Build.0 = Release|Any CPU
		{87ACEBB6-1982-4176-A707-4CB81FA30B95}.Release|x86.ActiveCfg = Release|Any CPU
		{87ACEBB6-1982-4176-A707-4CB81FA30B95}.Release|x86.Build.0 = Release|Any CPU
		{C3CF94A4-2824-498E-985E-6F85D94880A3}.Debug|Any CPU.ActiveCfg = Debug|Any CPU
		{C3CF94A4-2824-498E-985E-6F85D94880A3}.Debug|Any CPU.Build.0 = Debug|Any CPU
		{C3CF94A4-2824-498E-985E-6F85D94880A3}.Debug|x64.ActiveCfg = Debug|Any CPU
		{C3CF94A4-2824-498E-985E-6F85D94880A3}.Debug|x64.Build.0 = Debug|Any CPU
		{C3CF94A4-2824-498E-985E-6F85D94880A3}.Debug|x86.ActiveCfg = Debug|Any CPU
		{C3CF94A4-2824-498E-985E-6F85D94880A3}.Debug|x86.Build.0 = Debug|Any CPU
		{C3CF94A4-2824-498E-985E-6F85D94880A3}.Release|Any CPU.ActiveCfg = Release|Any CPU
		{C3CF94A4-2824-498E-985E-6F85D94880A3}.Release|Any CPU.Build.0 = Release|Any CPU
		{C3CF94A4-2824-498E-985E-6F85D94880A3}.Release|x64.ActiveCfg = Release|Any CPU
		{C3CF94A4-2824-498E-985E-6F85D94880A3}.Release|x64.Build.0 = Release|Any CPU
		{C3CF94A4-2824-498E-985E-6F85D94880A3}.Release|x86.ActiveCfg = Release|Any CPU
		{C3CF94A4-2824-498E-985E-6F85D94880A3}.Release|x86.Build.0 = Release|Any CPU
	EndGlobalSection
	GlobalSection(SolutionProperties) = preSolution
		HideSolutionNode = FALSE
	EndGlobalSection
	GlobalSection(NestedProjects) = preSolution
		{1697AB41-2334-4F6A-A4C1-A8AB1C199B0B} = {827E0CD3-B72D-47B6-A68D-7590B98EB39B}
		{959AD58B-618E-4DBE-8098-776C6352FE69} = {827E0CD3-B72D-47B6-A68D-7590B98EB39B}
		{404EA7E3-7458-4812-A69B-300B35F337A2} = {827E0CD3-B72D-47B6-A68D-7590B98EB39B}
		{ACB8BFA0-BE95-49E5-914C-8B013C1EB9F3} = {827E0CD3-B72D-47B6-A68D-7590B98EB39B}
		{87ACEBB6-1982-4176-A707-4CB81FA30B95} = {0AB3BF05-4346-4AA6-1389-037BE0695223}
		{C3CF94A4-2824-498E-985E-6F85D94880A3} = {0AB3BF05-4346-4AA6-1389-037BE0695223}
	EndGlobalSection
EndGlobal
